
Microsoft Visual Studio Solution File, Format Version 12.00
# Visual Studio 15
VisualStudioVersion = 15.0.26730.15
MinimumVisualStudioVersion = 10.0.40219.1
Project("{FAE04EC0-301F-11D3-BF4B-00C04F79EFBC}") = "Open.AzureRestAPI.ManagementAPI", "Open.AzureRestAPI.ManagementAPI\Open.AzureRestAPI.ManagementAPI.csproj", "{A5A36D1B-4424-424D-AA3E-560058CE2089}"
EndProject
Global
	GlobalSection(SolutionConfigurationPlatforms) = preSolution
		Debug|Any CPU = Debug|Any CPU
		Release|Any CPU = Release|Any CPU
	EndGlobalSection
	GlobalSection(ProjectConfigurationPlatforms) = postSolution
		{A5A36D1B-4424-424D-AA3E-560058CE2089}.Debug|Any CPU.ActiveCfg = Debug|Any CPU
		{A5A36D1B-4424-424D-AA3E-560058CE2089}.Debug|Any CPU.Build.0 = Debug|Any CPU
		{A5A36D1B-4424-424D-AA3E-560058CE2089}.Release|Any CPU.ActiveCfg = Release|Any CPU
		{A5A36D1B-4424-424D-AA3E-560058CE2089}.Release|Any CPU.Build.0 = Release|Any CPU
	EndGlobalSection
	GlobalSection(SolutionProperties) = preSolution
		HideSolutionNode = FALSE
	EndGlobalSection
	GlobalSection(ExtensibilityGlobals) = postSolution
		SolutionGuid = {E7FB94C1-E675-4577-8782-0478E55EA34B}
	EndGlobalSection
EndGlobal
